
Microsoft Visual Studio Solution File, Format Version 12.00
Project("{FAE04EC0-301F-11D3-BF4B-00C04F79EFBC}") = "kalCasino", "kalCasino\kalCasino.csproj", "{F0AD4BB1-6732-4BBA-A902-E5E9B5F0038E}"
EndProject
Global
	GlobalSection(SolutionConfigurationPlatforms) = preSolution
		Debug|Any CPU = Debug|Any CPU
		Release|Any CPU = Release|Any CPU
	EndGlobalSection
	GlobalSection(ProjectConfigurationPlatforms) = postSolution
		{F0AD4BB1-6732-4BBA-A902-E5E9B5F0038E}.Debug|Any CPU.ActiveCfg = Debug|Any CPU
		{F0AD4BB1-6732-4BBA-A902-E5E9B5F0038E}.Debug|Any CPU.Build.0 = Debug|Any CPU
		{F0AD4BB1-6732-4BBA-A902-E5E9B5F0038E}.Release|Any CPU.ActiveCfg = Release|Any CPU
		{F0AD4BB1-6732-4BBA-A902-E5E9B5F0038E}.Release|Any CPU.Build.0 = Release|Any CPU
	EndGlobalSection
EndGlobal
